PODS:
  - CocoaLibSpotify (2.4.5):
    - libspotify (= 12.1.64)
  - FormatterKit (1.4.0):
    - FormatterKit/AddressFormatter
    - FormatterKit/ArrayFormatter
    - FormatterKit/ColorFormatter
    - FormatterKit/LocationFormatter
    - FormatterKit/OrdinalNumberFormatter
    - FormatterKit/TimeIntervalFormatter
    - FormatterKit/UnitOfInformationFormatter
    - FormatterKit/URLRequestFormatter
  - FormatterKit/AddressFormatter (1.4.0)
  - FormatterKit/ArrayFormatter (1.4.0)
  - FormatterKit/ColorFormatter (1.4.0)
  - FormatterKit/LocationFormatter (1.4.0)
  - FormatterKit/OrdinalNumberFormatter (1.4.0)
  - FormatterKit/TimeIntervalFormatter (1.4.0)
  - FormatterKit/UnitOfInformationFormatter (1.4.0)
  - FormatterKit/URLRequestFormatter (1.4.0)
  - libspotify (12.1.64)
  - MBProgressHUD (0.8)
  - Reveal-iOS-SDK (1.0.3)
  - Underscore.m (0.2.1)

DEPENDENCIES:
  - CocoaLibSpotify
  - FormatterKit
  - MBProgressHUD (~> 0.8)
  - Reveal-iOS-SDK
  - Underscore.m

SPEC CHECKSUMS:
  CocoaLibSpotify: 1719f45abb505d14ef84cfe64500b7e4924714b9
  FormatterKit: 475c602b6098d69c3255c65cfe6cb6a27c175f57
  libspotify: 83337b28ad17bd27a7e7d4ac353e89f72f87bd29
  MBProgressHUD: 2bbc6f470111daf7f3eaa4eb12b8cbf01c4c0622
  Reveal-iOS-SDK: f2525cb560a564fdc086316e89ec45ced6977fd3
  Underscore.m: 593ea54a19d3cc4439387a83d36eb7ba6ffd1707

COCOAPODS: 0.29.0
